<?xml version="1.0" encoding="utf-8"?>
<Project ToolsVersion="4.0" xmlns="http://schemas.microsoft.com/developer/msbuild/2003">
  <ItemGroup>
    <ClCompile Include="..\..\..\common\tools.cpp">
      <Filter>common</Filter>
    </ClCompile>
    <ClCompile Include="..\..\..\common\BaseSample.cpp">
      <Filter>common</Filter>
    </ClCompile>
    <ClCompile Include="..\main.cpp" />
    <ClCompile Include="..\tests.cpp" />
    <ClCompile Include="..\pch.cpp" />
    <ClCompile Include="..\..\src\leetcode_com__addTwoNumbers.cpp">
      <Filter>src</Filter>
    </ClCompile>
    <ClCompile Include="..\..\src\leetcode_com__divide.cpp">
      <Filter>src</Filter>
    </ClCompile>
    <ClCompile Include="..\..\src\leetcode_com__findMedianSortedArrays.cpp">
      <Filter>src</Filter>
    </ClCompile>
    <ClCompile Include="..\..\src\leetcode_com__firstMissingPositive.cpp">
      <Filter>src</Filter>
    </ClCompile>
    <ClCompile Include="..\..\src\leetcode_com__fourSum.cpp">
      <Filter>src</Filter>
    </ClCompile>
    <ClCompile Include="..\..\src\leetcode_com__numDistinct.cpp">
      <Filter>src</Filter>
    </ClCompile>
    <ClCompile Include="..\..\src\leetcode_com__numIslands.cpp">
      <Filter>src</Filter>
    </ClCompile>
    <ClCompile Include="..\..\src\leetcode_com__orderOfLargestPlusSign.cpp">
      <Filter>src</Filter>
    </ClCompile>
    <ClCompile Include="..\..\src\leetcode_com__searchRange.cpp">
      <Filter>src</Filter>
    </ClCompile>
    <ClCompile Include="..\..\src\leetcode_com__shortestPath.cpp">
      <Filter>src</Filter>
    </ClCompile>
    <ClCompile Include="..\..\src\leetcode_com__palindromic_substrings.cpp">
      <Filter>src</Filter>
    </ClCompile>
    <ClCompile Include="..\..\src\leetcode_com__subarraySum.cpp">
      <Filter>src</Filter>
    </ClCompile>
    <ClCompile Include="..\..\src\leetcode_com__findMin.cpp">
      <Filter>src</Filter>
    </ClCompile>
  </ItemGroup>
  <ItemGroup>
    <ClInclude Include="..\pch.h" />
    <ClInclude Include="..\..\..\common\BaseSample.h">
      <Filter>common</Filter>
    </ClInclude>
    <ClInclude Include="..\..\..\common\myAssert.h">
      <Filter>common</Filter>
    </ClInclude>
    <ClInclude Include="..\..\..\common\nullostream.h">
      <Filter>common</Filter>
    </ClInclude>
    <ClInclude Include="..\..\..\common\output.h">
      <Filter>common</Filter>
    </ClInclude>
    <ClInclude Include="..\..\..\common\testcout.h">
      <Filter>common</Filter>
    </ClInclude>
    <ClInclude Include="..\..\..\common\tools.h">
      <Filter>common</Filter>
    </ClInclude>
    <ClInclude Include="..\..\src\leetcode_com__addTwoNumbers.h">
      <Filter>src</Filter>
    </ClInclude>
    <ClInclude Include="..\..\src\leetcode_com__divide.h">
      <Filter>src</Filter>
    </ClInclude>
    <ClInclude Include="..\..\src\leetcode_com__findMedianSortedArrays.h">
      <Filter>src</Filter>
    </ClInclude>
    <ClInclude Include="..\..\src\leetcode_com__firstMissingPositive.h">
      <Filter>src</Filter>
    </ClInclude>
    <ClInclude Include="..\..\src\leetcode_com__fourSum.h">
      <Filter>src</Filter>
    </ClInclude>
    <ClInclude Include="..\..\src\leetcode_com__numDistinct.h">
      <Filter>src</Filter>
    </ClInclude>
    <ClInclude Include="..\..\src\leetcode_com__numIslands.h">
      <Filter>src</Filter>
    </ClInclude>
    <ClInclude Include="..\..\src\leetcode_com__orderOfLargestPlusSign.h">
      <Filter>src</Filter>
    </ClInclude>
    <ClInclude Include="..\..\src\leetcode_com__searchRange.h">
      <Filter>src</Filter>
    </ClInclude>
    <ClInclude Include="..\..\src\leetcode_com__shortestPath.h">
      <Filter>src</Filter>
    </ClInclude>
    <ClInclude Include="..\..\src\leetcode_com__palindromic_substrings.h">
      <Filter>src</Filter>
    </ClInclude>
    <ClInclude Include="..\..\src\leetcode_com__subarraySum.h">
      <Filter>src</Filter>
    </ClInclude>
    <ClInclude Include="..\..\src\leetcode_com__findMin.h">
      <Filter>src</Filter>
    </ClInclude>
  </ItemGroup>
  <ItemGroup>
    <None Include="packages.config" />
  </ItemGroup>
  <ItemGroup>
    <Filter Include="src">
      <UniqueIdentifier>{8809dc90-4bd2-4c5b-b864-776fde4849b1}</UniqueIdentifier>
    </Filter>
    <Filter Include="common">
      <UniqueIdentifier>{c640c072-3f92-4ea2-a8f9-03bf9cce7e3f}</UniqueIdentifier>
    </Filter>
  </ItemGroup>
</Project>