<?xml version="1.0" encoding="utf-8"?>
<Project ToolsVersion="4.0" xmlns="http://schemas.microsoft.com/developer/msbuild/2003">
  <ItemGroup>
    <ClCompile Include="..\..\..\common\tools.cpp">
      <Filter>common</Filter>
    </ClCompile>
    <ClCompile Include="..\..\..\common\BaseSample.cpp">
      <Filter>common</Filter>
    </ClCompile>
    <ClCompile Include="..\main.cpp" />
    <ClCompile Include="..\tests.cpp" />
    <ClCompile Include="..\pch.cpp" />
    <ClCompile Include="..\..\src\leetcode_com__4Sum__solution.cpp">
      <Filter>src</Filter>
    </ClCompile>
    <ClCompile Include="..\..\src\leetcode_com__4Sum.cpp">
      <Filter>src</Filter>
    </ClCompile>
    <ClCompile Include="..\..\src\leetcode_com__add_two_numbers__solution.cpp">
      <Filter>src</Filter>
    </ClCompile>
    <ClCompile Include="..\..\src\leetcode_com__add_two_numbers.cpp">
      <Filter>src</Filter>
    </ClCompile>
    <ClCompile Include="..\..\src\leetcode_com__distinct_subsequences__solution.cpp">
      <Filter>src</Filter>
    </ClCompile>
    <ClCompile Include="..\..\src\leetcode_com__distinct_subsequences.cpp">
      <Filter>src</Filter>
    </ClCompile>
    <ClCompile Include="..\..\src\leetcode_com__divide_two_integers__solution.cpp">
      <Filter>src</Filter>
    </ClCompile>
    <ClCompile Include="..\..\src\leetcode_com__divide_two_integers.cpp">
      <Filter>src</Filter>
    </ClCompile>
    <ClCompile Include="..\..\src\leetcode_com__find_first_and_last_position_of_element_in_sorted_array__solution.cpp">
      <Filter>src</Filter>
    </ClCompile>
    <ClCompile Include="..\..\src\leetcode_com__find_first_and_last_position_of_element_in_sorted_array.cpp">
      <Filter>src</Filter>
    </ClCompile>
    <ClCompile Include="..\..\src\leetcode_com__find_minimum_in_rotated_sorted_array_ii__solution.cpp">
      <Filter>src</Filter>
    </ClCompile>
    <ClCompile Include="..\..\src\leetcode_com__find_minimum_in_rotated_sorted_array_ii.cpp">
      <Filter>src</Filter>
    </ClCompile>
    <ClCompile Include="..\..\src\leetcode_com__first_missing_positive__solution.cpp">
      <Filter>src</Filter>
    </ClCompile>
    <ClCompile Include="..\..\src\leetcode_com__first_missing_positive.cpp">
      <Filter>src</Filter>
    </ClCompile>
    <ClCompile Include="..\..\src\leetcode_com__largest_plus_sign__solution.cpp">
      <Filter>src</Filter>
    </ClCompile>
    <ClCompile Include="..\..\src\leetcode_com__largest_plus_sign.cpp">
      <Filter>src</Filter>
    </ClCompile>
    <ClCompile Include="..\..\src\leetcode_com__median_of_two_sorted_arrays__solution.cpp">
      <Filter>src</Filter>
    </ClCompile>
    <ClCompile Include="..\..\src\leetcode_com__median_of_two_sorted_arrays.cpp">
      <Filter>src</Filter>
    </ClCompile>
    <ClCompile Include="..\..\src\leetcode_com__number_of_islands__solution.cpp">
      <Filter>src</Filter>
    </ClCompile>
    <ClCompile Include="..\..\src\leetcode_com__number_of_islands.cpp">
      <Filter>src</Filter>
    </ClCompile>
    <ClCompile Include="..\..\src\leetcode_com__palindromic_substrings__solution.cpp">
      <Filter>src</Filter>
    </ClCompile>
    <ClCompile Include="..\..\src\leetcode_com__palindromic_substrings.cpp">
      <Filter>src</Filter>
    </ClCompile>
    <ClCompile Include="..\..\src\leetcode_com__shortest_path_in_a_grid_with_obstacles_elimination__solution.cpp">
      <Filter>src</Filter>
    </ClCompile>
    <ClCompile Include="..\..\src\leetcode_com__shortest_path_in_a_grid_with_obstacles_elimination.cpp">
      <Filter>src</Filter>
    </ClCompile>
    <ClCompile Include="..\..\src\leetcode_com__subarray_sum_equals_k__solution.cpp">
      <Filter>src</Filter>
    </ClCompile>
    <ClCompile Include="..\..\src\leetcode_com__subarray_sum_equals_k.cpp">
      <Filter>src</Filter>
    </ClCompile>
    <ClCompile Include="..\..\src\new_sample.cpp">
      <Filter>src</Filter>
    </ClCompile>
    <ClCompile Include="..\..\src\new_sample_solution.cpp">
      <Filter>src</Filter>
    </ClCompile>
  </ItemGroup>
  <ItemGroup>
    <ClInclude Include="..\pch.h" />
    <ClInclude Include="..\..\..\common\BaseSample.h">
      <Filter>common</Filter>
    </ClInclude>
    <ClInclude Include="..\..\..\common\myAssert.h">
      <Filter>common</Filter>
    </ClInclude>
    <ClInclude Include="..\..\..\common\nullostream.h">
      <Filter>common</Filter>
    </ClInclude>
    <ClInclude Include="..\..\..\common\output.h">
      <Filter>common</Filter>
    </ClInclude>
    <ClInclude Include="..\..\..\common\testcout.h">
      <Filter>common</Filter>
    </ClInclude>
    <ClInclude Include="..\..\..\common\tools.h">
      <Filter>common</Filter>
    </ClInclude>
    <ClInclude Include="..\..\src\leetcode_com__palindromic_substrings.h">
      <Filter>src</Filter>
    </ClInclude>
    <ClInclude Include="..\..\src\leetcode_com__add_two_numbers.h">
      <Filter>src</Filter>
    </ClInclude>
    <ClInclude Include="..\..\src\leetcode_com__divide_two_integers.h">
      <Filter>src</Filter>
    </ClInclude>
    <ClInclude Include="..\..\src\leetcode_com__median_of_two_sorted_arrays.h">
      <Filter>src</Filter>
    </ClInclude>
    <ClInclude Include="..\..\src\leetcode_com__find_minimum_in_rotated_sorted_array_ii.h">
      <Filter>src</Filter>
    </ClInclude>
    <ClInclude Include="..\..\src\leetcode_com__first_missing_positive.h">
      <Filter>src</Filter>
    </ClInclude>
    <ClInclude Include="..\..\src\leetcode_com__4Sum.h">
      <Filter>src</Filter>
    </ClInclude>
    <ClInclude Include="..\..\src\leetcode_com__distinct_subsequences.h">
      <Filter>src</Filter>
    </ClInclude>
    <ClInclude Include="..\..\src\leetcode_com__number_of_islands.h">
      <Filter>src</Filter>
    </ClInclude>
    <ClInclude Include="..\..\src\leetcode_com__largest_plus_sign.h">
      <Filter>src</Filter>
    </ClInclude>
    <ClInclude Include="..\..\src\leetcode_com__find_first_and_last_position_of_element_in_sorted_array.h">
      <Filter>src</Filter>
    </ClInclude>
    <ClInclude Include="..\..\src\leetcode_com__shortest_path_in_a_grid_with_obstacles_elimination.h">
      <Filter>src</Filter>
    </ClInclude>
    <ClInclude Include="..\..\src\leetcode_com__subarray_sum_equals_k.h">
      <Filter>src</Filter>
    </ClInclude>
    <ClInclude Include="..\..\src\new_sample.h">
      <Filter>src</Filter>
    </ClInclude>
  </ItemGroup>
  <ItemGroup>
    <None Include="packages.config" />
  </ItemGroup>
  <ItemGroup>
    <Filter Include="src">
      <UniqueIdentifier>{8809dc90-4bd2-4c5b-b864-776fde4849b1}</UniqueIdentifier>
    </Filter>
    <Filter Include="common">
      <UniqueIdentifier>{c640c072-3f92-4ea2-a8f9-03bf9cce7e3f}</UniqueIdentifier>
    </Filter>
  </ItemGroup>
</Project>